<?xml version="1.0" encoding="utf-8"?>
<Project ToolsVersion="4.0" xmlns="http://schemas.microsoft.com/developer/msbuild/2003">
  <ItemGroup>
    <Filter Include="Archivos de origen">
      <UniqueIdentifier>{4FC737F1-C7A5-4376-A066-2A32D752A2FF}</UniqueIdentifier>
      <Extensions>cpp;c;cc;cxx;c++;cppm;ixx;def;odl;idl;hpj;bat;asm;asmx</Extensions>
    </Filter>
    <Filter Include="Archivos de encabezado">
      <UniqueIdentifier>{93995380-89BD-4b04-88EB-625FBE52EBFB}</UniqueIdentifier>
      <Extensions>h;hh;hpp;hxx;h++;hm;inl;inc;ipp;xsd</Extensions>
    </Filter>
    <Filter Include="Archivos de recursos">
      <UniqueIdentifier>{67DA6AB6-F800-4c08-8B7A-83BB121AAD01}</UniqueIdentifier>
      <Extensions>rc;ico;cur;bmp;dlg;rc2;rct;bin;rgs;gif;jpg;jpeg;jpe;resx;tiff;tif;png;wav;mfcribbon-ms</Extensions>
    </Filter>
    <Filter Include="Archivos de recursos\Core">
      <UniqueIdentifier>{c1523a7d-b110-4af4-a5ce-839ce2912847}</UniqueIdentifier>
    </Filter>
    <Filter Include="Archivos de recursos\Ventanas">
      <UniqueIdentifier>{268d0503-8607-4e9b-8ec9-c81870a80bbf}</UniqueIdentifier>
    </Filter>
    <Filter Include="Archivos de recursos\Resources">
      <UniqueIdentifier>{1fc8d15a-a3dd-4f32-aa80-3f41d1c20724}</UniqueIdentifier>
    </Filter>
  </ItemGroup>
  <ItemGroup>
    <ClInclude Include="PantallaJuego.h">
      <Filter>Archivos de recursos\Ventanas</Filter>
    </ClInclude>
    <ClInclude Include="Pantalla.h">
      <Filter>Archivos de recursos\Ventanas</Filter>
    </ClInclude>
    <ClInclude Include="resources.h">
      <Filter>Archivos de recursos\Resources</Filter>
    </ClInclude>
    <ClInclude Include="PantallaLobby.h">
      <Filter>Archivos de recursos\Ventanas</Filter>
    </ClInclude>
    <ClInclude Include="LobbyResources.h">
      <Filter>Archivos de recursos\Resources</Filter>
    </ClInclude>
    <ClInclude Include="Jugador.hpp">
      <Filter>Archivos de recursos\Core</Filter>
    </ClInclude>
    <ClInclude Include="Ficha.hpp">
      <Filter>Archivos de recursos\Core</Filter>
    </ClInclude>
    <ClInclude Include="Dado.hpp">
      <Filter>Archivos de recursos\Core</Filter>
    </ClInclude>
    <ClInclude Include="Tablero.hpp">
      <Filter>Archivos de recursos\Core</Filter>
    </ClInclude>
  </ItemGroup>
  <ItemGroup>
    <ClCompile Include="Main.cpp">
      <Filter>Archivos de recursos</Filter>
    </ClCompile>
    <ClCompile Include="resources.cpp">
      <Filter>Archivos de recursos\Resources</Filter>
    </ClCompile>
    <ClCompile Include="PantallaLobby.cpp">
      <Filter>Archivos de recursos\Ventanas</Filter>
    </ClCompile>
    <ClCompile Include="Dado.cpp">
      <Filter>Archivos de recursos\Core</Filter>
    </ClCompile>
  </ItemGroup>
</Project>